
Microsoft Visual Studio Solution File, Format Version 12.00
# Visual Studio Version 17
VisualStudioVersion = 17.13.35806.99 d17.13
MinimumVisualStudioVersion = 10.0.40219.1
Project("{FAE04EC0-301F-11D3-BF4B-00C04F79EFBC}") = "Tetris_game", "Tetris_game\Tetris_game.csproj", "{142ABDC1-A700-4BA1-91A6-28903B76CDDD}"
EndProject
Global
	GlobalSection(SolutionConfigurationPlatforms) = preSolution
		Debug|Any CPU = Debug|Any CPU
		Release|Any CPU = Release|Any CPU
	EndGlobalSection
	GlobalSection(ProjectConfigurationPlatforms) = postSolution
		{142ABDC1-A700-4BA1-91A6-28903B76CDDD}.Debug|Any CPU.ActiveCfg = Debug|Any CPU
		{142ABDC1-A700-4BA1-91A6-28903B76CDDD}.Debug|Any CPU.Build.0 = Debug|Any CPU
		{142ABDC1-A700-4BA1-91A6-28903B76CDDD}.Release|Any CPU.ActiveCfg = Release|Any CPU
		{142ABDC1-A700-4BA1-91A6-28903B76CDDD}.Release|Any CPU.Build.0 = Release|Any CPU
	EndGlobalSection
	GlobalSection(SolutionProperties) = preSolution
		HideSolutionNode = FALSE
	EndGlobalSection
	GlobalSection(ExtensibilityGlobals) = postSolution
		SolutionGuid = {EA4D8C4B-9D61-4334-97BB-01128744D581}
	EndGlobalSection
EndGlobal
